
Microsoft Visual Studio Solution File, Format Version 12.00
# Visual Studio Version 18
VisualStudioVersion = 18.6.11806.211 stable
MinimumVisualStudioVersion = 10.0.40219.1
Project("{FAE04EC0-301F-11D3-BF4B-00C04F79EFBC}") = "RangeTech.ServiceApp.Api", "RangeTech.ServiceApp.Api.csproj", "{4E146234-92D3-938D-14B8-664B6E3B517D}"
EndProject
Global
	GlobalSection(SolutionConfigurationPlatforms) = preSolution
		Debug|Any CPU = Debug|Any CPU
		Release|Any CPU = Release|Any CPU
	EndGlobalSection
	GlobalSection(ProjectConfigurationPlatforms) = postSolution
		{4E146234-92D3-938D-14B8-664B6E3B517D}.Debug|Any CPU.ActiveCfg = Debug|Any CPU
		{4E146234-92D3-938D-14B8-664B6E3B517D}.Debug|Any CPU.Build.0 = Debug|Any CPU
		{4E146234-92D3-938D-14B8-664B6E3B517D}.Release|Any CPU.ActiveCfg = Release|Any CPU
		{4E146234-92D3-938D-14B8-664B6E3B517D}.Release|Any CPU.Build.0 = Release|Any CPU
	EndGlobalSection
	GlobalSection(SolutionProperties) = preSolution
		HideSolutionNode = FALSE
	EndGlobalSection
	GlobalSection(ExtensibilityGlobals) = postSolution
		SolutionGuid = {B40F3E05-16A7-45DE-A0E0-18318CD743FA}
	EndGlobalSection
EndGlobal
